// !$*UTF8*$!
{
	archiveVersion = 1;
	classes = {
	};
	objectVersion = 46;
	objects = {

/* Begin PBXBuildFile section */
		F501AEE5165224E300E23F2F /* UIKit.framework in Frameworks */ = {isa = PBXBuildFile; fileRef = F501AEE4165224E300E23F2F /* UIKit.framework */; };
		F501AEE7165224E300E23F2F /* Foundation.framework in Frameworks */ = {isa = PBXBuildFile; fileRef = F501AEE6165224E300E23F2F /* Foundation.framework */; };
		F501AEE9165224E300E23F2F /* CoreGraphics.framework in Frameworks */ = {isa = PBXBuildFile; fileRef = F501AEE8165224E300E23F2F /* CoreGraphics.framework */; };
		F501AEEF165224E300E23F2F /* InfoPlist.strings in Resources */ = {isa = PBXBuildFile; fileRef = F501AEED165224E300E23F2F /* InfoPlist.strings */; };
		F501AEF1165224E300E23F2F /* main.m in Sources */ = {isa = PBXBuildFile; fileRef = F501AEF0165224E300E23F2F /* main.m */; };
		F501AEF5165224E300E23F2F /* EMAppDelegate.m in Sources */ = {isa = PBXBuildFile; fileRef = F501AEF4165224E300E23F2F /* EMAppDelegate.m */; };
		F501AEF7165224E300E23F2F /* Default.png in Resources */ = {isa = PBXBuildFile; fileRef = F501AEF6165224E300E23F2F /* Default.png */; };
		F501AEF9165224E300E23F2F /* Default@2x.png in Resources */ = {isa = PBXBuildFile; fileRef = F501AEF8165224E300E23F2F /* Default@2x.png */; };
		F501AEFB165224E300E23F2F /* Default-568h@2x.png in Resources */ = {isa = PBXBuildFile; fileRef = F501AEFA165224E300E23F2F /* Default-568h@2x.png */; };
		F501AEFE165224E300E23F2F /* MainStoryboard.storyboard in Resources */ = {isa = PBXBuildFile; fileRef = F501AEFC165224E300E23F2F /* MainStoryboard.storyboard */; };
		F501AF01165224E300E23F2F /* EMViewController.m in Sources */ = {isa = PBXBuildFile; fileRef = F501AF00165224E300E23F2F /* EMViewController.m */; };
		F501AF121652277A00E23F2F /* button_blue_light.png in Resources */ = {isa = PBXBuildFile; fileRef = F501AF081652277A00E23F2F /* button_blue_light.png */; };
		F501AF131652277A00E23F2F /* button_blue_light@2x.png in Resources */ = {isa = PBXBuildFile; fileRef = F501AF091652277A00E23F2F /* button_blue_light@2x.png */; };
		F501AF141652277A00E23F2F /* button_blue.png in Resources */ = {isa = PBXBuildFile; fileRef = F501AF0A1652277A00E23F2F /* button_blue.png */; };
		F501AF151652277A00E23F2F /* button_blue@2x.png in Resources */ = {isa = PBXBuildFile; fileRef = F501AF0B1652277A00E23F2F /* button_blue@2x.png */; };
		F501AF161652277A00E23F2F /* button_green.png in Resources */ = {isa = PBXBuildFile; fileRef = F501AF0C1652277A00E23F2F /* button_green.png */; };
		F501AF171652277A00E23F2F /* button_green@2x.png in Resources */ = {isa = PBXBuildFile; fileRef = F501AF0D1652277A00E23F2F /* button_green@2x.png */; };
		F501AF181652277A00E23F2F /* button_grey_light.png in Resources */ = {isa = PBXBuildFile; fileRef = F501AF0E1652277A00E23F2F /* button_grey_light.png */; };
		F501AF191652277A00E23F2F /* button_grey_light@2x.png in Resources */ = {isa = PBXBuildFile; fileRef = F501AF0F1652277A00E23F2F /* button_grey_light@2x.png */; };
		F501AF1A1652277A00E23F2F /* button_red.png in Resources */ = {isa = PBXBuildFile; fileRef = F501AF101652277A00E23F2F /* button_red.png */; };
		F501AF1B1652277A00E23F2F /* button_red@2x.png in Resources */ = {isa = PBXBuildFile; fileRef = F501AF111652277A00E23F2F /* button_red@2x.png */; };
		F501AF21165231B700E23F2F /* add_icon.png in Resources */ = {isa = PBXBuildFile; fileRef = F501AF20165231B600E23F2F /* add_icon.png */; };
/* End PBXBuildFile section */

/* Begin PBXFileReference section */
		F501AEE0165224E300E23F2F /* ExpenseManager.app */ = {isa = PBXFileReference; explicitFileType = wrapper.application; includeInIndex = 0; path = ExpenseManager.app; sourceTree = BUILT_PRODUCTS_DIR; };
		F501AEE4165224E300E23F2F /* UIKit.framework */ = {isa = PBXFileReference; lastKnownFileType = wrapper.framework; name = UIKit.framework; path = System/Library/Frameworks/UIKit.framework; sourceTree = SDKROOT; };
		F501AEE6165224E300E23F2F /* Foundation.framework */ = {isa = PBXFileReference; lastKnownFileType = wrapper.framework; name = Foundation.framework; path = System/Library/Frameworks/Foundation.framework; sourceTree = SDKROOT; };
		F501AEE8165224E300E23F2F /* CoreGraphics.framework */ = {isa = PBXFileReference; lastKnownFileType = wrapper.framework; name = CoreGraphics.framework; path = System/Library/Frameworks/CoreGraphics.framework; sourceTree = SDKROOT; };
		F501AEEC165224E300E23F2F /* ExpenseManager-Info.plist */ = {isa = PBXFileReference; lastKnownFileType = text.plist.xml; path = "ExpenseManager-Info.plist"; sourceTree = "<group>"; };
		F501AEEE165224E300E23F2F /* en */ = {isa = PBXFileReference; lastKnownFileType = text.plist.strings; name = en; path = en.lproj/InfoPlist.strings; sourceTree = "<group>"; };
		F501AEF0165224E300E23F2F /* main.m */ = {isa = PBXFileReference; lastKnownFileType = sourcecode.c.objc; path = main.m; sourceTree = "<group>"; };
		F501AEF2165224E300E23F2F /* ExpenseManager-Prefix.pch */ = {isa = PBXFileReference; lastKnownFileType = sourcecode.c.h; path = "ExpenseManager-Prefix.pch"; sourceTree = "<group>"; };
		F501AEF3165224E300E23F2F /* EMAppDelegate.h */ = {isa = PBXFileReference; lastKnownFileType = sourcecode.c.h; path = EMAppDelegate.h; sourceTree = "<group>"; };
		F501AEF4165224E300E23F2F /* EMAppDelegate.m */ = {isa = PBXFileReference; lastKnownFileType = sourcecode.c.objc; path = EMAppDelegate.m; sourceTree = "<group>"; };
		F501AEF6165224E300E23F2F /* Default.png */ = {isa = PBXFileReference; lastKnownFileType = image.png; path = Default.png; sourceTree = "<group>"; };
		F501AEF8165224E300E23F2F /* Default@2x.png */ = {isa = PBXFileReference; lastKnownFileType = image.png; path = "Default@2x.png"; sourceTree = "<group>"; };
		F501AEFA165224E300E23F2F /* Default-568h@2x.png */ = {isa = PBXFileReference; lastKnownFileType = image.png; path = "Default-568h@2x.png"; sourceTree = "<group>"; };
		F501AEFD165224E300E23F2F /* en */ = {isa = PBXFileReference; lastKnownFileType = file.storyboard; name = en; path = en.lproj/MainStoryboard.storyboard; sourceTree = "<group>"; };
		F501AEFF165224E300E23F2F /* EMViewController.h */ = {isa = PBXFileReference; lastKnownFileType = sourcecode.c.h; path = EMViewController.h; sourceTree = "<group>"; };
		F501AF00165224E300E23F2F /* EMViewController.m */ = {isa = PBXFileReference; lastKnownFileType = sourcecode.c.objc; path = EMViewController.m; sourceTree = "<group>"; };
		F501AF081652277A00E23F2F /* button_blue_light.png */ = {isa = PBXFileReference; lastKnownFileType = image.png; name = button_blue_light.png; path = Images/Buttons/button_blue_light.png; sourceTree = "<group>"; };
		F501AF091652277A00E23F2F /* button_blue_light@2x.png */ = {isa = PBXFileReference; lastKnownFileType = image.png; name = "button_blue_light@2x.png"; path = "Images/Buttons/button_blue_light@2x.png"; sourceTree = "<group>"; };
		F501AF0A1652277A00E23F2F /* button_blue.png */ = {isa = PBXFileReference; lastKnownFileType = image.png; name = button_blue.png; path = Images/Buttons/button_blue.png; sourceTree = "<group>"; };
		F501AF0B1652277A00E23F2F /* button_blue@2x.png */ = {isa = PBXFileReference; lastKnownFileType = image.png; name = "button_blue@2x.png"; path = "Images/Buttons/button_blue@2x.png"; sourceTree = "<group>"; };
		F501AF0C1652277A00E23F2F /* button_green.png */ = {isa = PBXFileReference; lastKnownFileType = image.png; name = button_green.png; path = Images/Buttons/button_green.png; sourceTree = "<group>"; };
		F501AF0D1652277A00E23F2F /* button_green@2x.png */ = {isa = PBXFileReference; lastKnownFileType = image.png; name = "button_green@2x.png"; path = "Images/Buttons/button_green@2x.png"; sourceTree = "<group>"; };
		F501AF0E1652277A00E23F2F /* button_grey_light.png */ = {isa = PBXFileReference; lastKnownFileType = image.png; name = button_grey_light.png; path = Images/Buttons/button_grey_light.png; sourceTree = "<group>"; };
		F501AF0F1652277A00E23F2F /* button_grey_light@2x.png */ = {isa = PBXFileReference; lastKnownFileType = image.png; name = "button_grey_light@2x.png"; path = "Images/Buttons/button_grey_light@2x.png"; sourceTree = "<group>"; };
		F501AF101652277A00E23F2F /* button_red.png */ = {isa = PBXFileReference; lastKnownFileType = image.png; name = button_red.png; path = Images/Buttons/button_red.png; sourceTree = "<group>"; };
		F501AF111652277A00E23F2F /* button_red@2x.png */ = {isa = PBXFileReference; lastKnownFileType = image.png; name = "button_red@2x.png"; path = "Images/Buttons/button_red@2x.png"; sourceTree = "<group>"; };
		F501AF20165231B600E23F2F /* add_icon.png */ = {isa = PBXFileReference; lastKnownFileType = image.png; name = add_icon.png; path = Images/Buttons/add_icon.png; sourceTree = "<group>"; };
/* End PBXFileReference section */

/* Begin PBXFrameworksBuildPhase section */
		F501AEDD165224E300E23F2F /* Frameworks */ = {
			isa = PBXFrameworksBuildPhase;
			buildActionMask = 2147483647;
			files = (
				F501AEE5165224E300E23F2F /* UIKit.framework in Frameworks */,
				F501AEE7165224E300E23F2F /* Foundation.framework in Frameworks */,
				F501AEE9165224E300E23F2F /* CoreGraphics.framework in Frameworks */,
			);
			runOnlyForDeploymentPostprocessing = 0;
		};
/* End PBXFrameworksBuildPhase section */

/* Begin PBXGroup section */
		F501AED5165224E300E23F2F = {
			isa = PBXGroup;
			children = (
				F501AEEA165224E300E23F2F /* ExpenseManager */,
				F501AEE3165224E300E23F2F /* Frameworks */,
				F501AEE1165224E300E23F2F /* Products */,
			);
			sourceTree = "<group>";
		};
		F501AEE1165224E300E23F2F /* Products */ = {
			isa = PBXGroup;
			children = (
				F501AEE0165224E300E23F2F /* ExpenseManager.app */,
			);
			name = Products;
			sourceTree = "<group>";
		};
		F501AEE3165224E300E23F2F /* Frameworks */ = {
			isa = PBXGroup;
			children = (
				F501AEE4165224E300E23F2F /* UIKit.framework */,
				F501AEE6165224E300E23F2F /* Foundation.framework */,
				F501AEE8165224E300E23F2F /* CoreGraphics.framework */,
			);
			name = Frameworks;
			sourceTree = "<group>";
		};
		F501AEEA165224E300E23F2F /* ExpenseManager */ = {
			isa = PBXGroup;
			children = (
				F501AF071652274E00E23F2F /* Images */,
				F501AEF3165224E300E23F2F /* EMAppDelegate.h */,
				F501AEF4165224E300E23F2F /* EMAppDelegate.m */,
				F501AEFC165224E300E23F2F /* MainStoryboard.storyboard */,
				F501AEFF165224E300E23F2F /* EMViewController.h */,
				F501AF00165224E300E23F2F /* EMViewController.m */,
				F501AEEB165224E300E23F2F /* Supporting Files */,
			);
			path = ExpenseManager;
			sourceTree = "<group>";
		};
		F501AEEB165224E300E23F2F /* Supporting Files */ = {
			isa = PBXGroup;
			children = (
				F501AEEC165224E300E23F2F /* ExpenseManager-Info.plist */,
				F501AEED165224E300E23F2F /* InfoPlist.strings */,
				F501AEF0165224E300E23F2F /* main.m */,
				F501AEF2165224E300E23F2F /* ExpenseManager-Prefix.pch */,
				F501AEF6165224E300E23F2F /* Default.png */,
				F501AEF8165224E300E23F2F /* Default@2x.png */,
				F501AEFA165224E300E23F2F /* Default-568h@2x.png */,
			);
			name = "Supporting Files";
			sourceTree = "<group>";
		};
		F501AF071652274E00E23F2F /* Images */ = {
			isa = PBXGroup;
			children = (
				F501AF20165231B600E23F2F /* add_icon.png */,
				F501AF081652277A00E23F2F /* button_blue_light.png */,
				F501AF091652277A00E23F2F /* button_blue_light@2x.png */,
				F501AF0A1652277A00E23F2F /* button_blue.png */,
				F501AF0B1652277A00E23F2F /* button_blue@2x.png */,
				F501AF0C1652277A00E23F2F /* button_green.png */,
				F501AF0D1652277A00E23F2F /* button_green@2x.png */,
				F501AF0E1652277A00E23F2F /* button_grey_light.png */,
				F501AF0F1652277A00E23F2F /* button_grey_light@2x.png */,
				F501AF101652277A00E23F2F /* button_red.png */,
				F501AF111652277A00E23F2F /* button_red@2x.png */,
			);
			name = Images;
			sourceTree = "<group>";
		};
/* End PBXGroup section */

/* Begin PBXNativeTarget section */
		F501AEDF165224E300E23F2F /* ExpenseManager */ = {
			isa = PBXNativeTarget;
			buildConfigurationList = F501AF04165224E300E23F2F /* Build configuration list for PBXNativeTarget "ExpenseManager" */;
			buildPhases = (
				F501AEDC165224E300E23F2F /* Sources */,
				F501AEDD165224E300E23F2F /* Frameworks */,
				F501AEDE165224E300E23F2F /* Resources */,
			);
			buildRules = (
			);
			dependencies = (
			);
			name = ExpenseManager;
			productName = ExpenseManager;
			productReference = F501AEE0165224E300E23F2F /* ExpenseManager.app */;
			productType = "com.apple.product-type.application";
		};
/* End PBXNativeTarget section */

/* Begin PBXProject section */
		F501AED7165224E300E23F2F /* Project object */ = {
			isa = PBXProject;
			attributes = {
				CLASSPREFIX = EM;
				LastUpgradeCheck = 0450;
				ORGANIZATIONNAME = Ciby;
			};
			buildConfigurationList = F501AEDA165224E300E23F2F /* Build configuration list for PBXProject "ExpenseManager" */;
			compatibilityVersion = "Xcode 3.2";
			developmentRegion = English;
			hasScannedForEncodings = 0;
			knownRegions = (
				en,
			);
			mainGroup = F501AED5165224E300E23F2F;
			productRefGroup = F501AEE1165224E300E23F2F /* Products */;
			projectDirPath = "";
			projectRoot = "";
			targets = (
				F501AEDF165224E300E23F2F /* ExpenseManager */,
			);
		};
/* End PBXProject section */

/* Begin PBXResourcesBuildPhase section */
		F501AEDE165224E300E23F2F /* Resources */ = {
			isa = PBXResourcesBuildPhase;
			buildActionMask = 2147483647;
			files = (
				F501AEEF165224E300E23F2F /* InfoPlist.strings in Resources */,
				F501AEF7165224E300E23F2F /* Default.png in Resources */,
				F501AEF9165224E300E23F2F /* Default@2x.png in Resources */,
				F501AEFB165224E300E23F2F /* Default-568h@2x.png in Resources */,
				F501AEFE165224E300E23F2F /* MainStoryboard.storyboard in Resources */,
				F501AF121652277A00E23F2F /* button_blue_light.png in Resources */,
				F501AF131652277A00E23F2F /* button_blue_light@2x.png in Resources */,
				F501AF141652277A00E23F2F /* button_blue.png in Resources */,
				F501AF151652277A00E23F2F /* button_blue@2x.png in Resources */,
				F501AF161652277A00E23F2F /* button_green.png in Resources */,
				F501AF171652277A00E23F2F /* button_green@2x.png in Resources */,
				F501AF181652277A00E23F2F /* button_grey_light.png in Resources */,
				F501AF191652277A00E23F2F /* button_grey_light@2x.png in Resources */,
				F501AF1A1652277A00E23F2F /* button_red.png in Resources */,
				F501AF1B1652277A00E23F2F /* button_red@2x.png in Resources */,
				F501AF21165231B700E23F2F /* add_icon.png in Resources */,
			);
			runOnlyForDeploymentPostprocessing = 0;
		};
/* End PBXResourcesBuildPhase section */

/* Begin PBXSourcesBuildPhase section */
		F501AEDC165224E300E23F2F /* Sources */ = {
			isa = PBXSourcesBuildPhase;
			buildActionMask = 2147483647;
			files = (
				F501AEF1165224E300E23F2F /* main.m in Sources */,
				F501AEF5165224E300E23F2F /* EMAppDelegate.m in Sources */,
				F501AF01165224E300E23F2F /* EMViewController.m in Sources */,
			);
			runOnlyForDeploymentPostprocessing = 0;
		};
/* End PBXSourcesBuildPhase section */

/* Begin PBXVariantGroup section */
		F501AEED165224E300E23F2F /* InfoPlist.strings */ = {
			isa = PBXVariantGroup;
			children = (
				F501AEEE165224E300E23F2F /* en */,
			);
			name = InfoPlist.strings;
			sourceTree = "<group>";
		};
		F501AEFC165224E300E23F2F /* MainStoryboard.storyboard */ = {
			isa = PBXVariantGroup;
			children = (
				F501AEFD165224E300E23F2F /* en */,
			);
			name = MainStoryboard.storyboard;
			sourceTree = "<group>";
		};
/* End PBXVariantGroup section */

/* Begin XCBuildConfiguration section */
		F501AF02165224E300E23F2F /* Debug */ = {
			isa = XCBuildConfiguration;
			buildSettings = {
				ALWAYS_SEARCH_USER_PATHS = NO;
				CLANG_CXX_LANGUAGE_STANDARD = "gnu++0x";
				CLANG_CXX_LIBRARY = "libc++";
				CLANG_ENABLE_OBJC_ARC = YES;
				CLANG_WARN_EMPTY_BODY = YES;
				CLANG_WARN__DUPLICATE_METHOD_MATCH = YES;
				"CODE_SIGN_IDENTITY[sdk=iphoneos*]" = "iPhone Developer";
				COPY_PHASE_STRIP = NO;
				GCC_C_LANGUAGE_STANDARD = gnu99;
				GCC_DYNAMIC_NO_PIC = NO;
				GCC_OPTIMIZATION_LEVEL = 0;
				GCC_PREPROCESSOR_DEFINITIONS = (
					"DEBUG=1",
					"$(inherited)",
				);
				GCC_SYMBOLS_PRIVATE_EXTERN = NO;
				GCC_WARN_ABOUT_RETURN_TYPE = YES;
				GCC_WARN_UNINITIALIZED_AUTOS = YES;
				GCC_WARN_UNUSED_VARIABLE = YES;
				IPHONEOS_DEPLOYMENT_TARGET = 6.0;
				ONLY_ACTIVE_ARCH = YES;
				SDKROOT = iphoneos;
			};
			name = Debug;
		};
		F501AF03165224E300E23F2F /* Release */ = {
			isa = XCBuildConfiguration;
			buildSettings = {
				ALWAYS_SEARCH_USER_PATHS = NO;
				CLANG_CXX_LANGUAGE_STANDARD = "gnu++0x";
				CLANG_CXX_LIBRARY = "libc++";
				CLANG_ENABLE_OBJC_ARC = YES;
				CLANG_WARN_EMPTY_BODY = YES;
				CLANG_WARN__DUPLICATE_METHOD_MATCH = YES;
				"CODE_SIGN_IDENTITY[sdk=iphoneos*]" = "iPhone Developer";
				COPY_PHASE_STRIP = YES;
				GCC_C_LANGUAGE_STANDARD = gnu99;
				GCC_WARN_ABOUT_RETURN_TYPE = YES;
				GCC_WARN_UNINITIALIZED_AUTOS = YES;
				GCC_WARN_UNUSED_VARIABLE = YES;
				IPHONEOS_DEPLOYMENT_TARGET = 6.0;
				OTHER_CFLAGS = "-DNS_BLOCK_ASSERTIONS=1";
				SDKROOT = iphoneos;
				VALIDATE_PRODUCT = YES;
			};
			name = Release;
		};
		F501AF05165224E300E23F2F /* Debug */ = {
			isa = XCBuildConfiguration;
			buildSettings = {
				GCC_PRECOMPILE_PREFIX_HEADER = YES;
				GCC_PREFIX_HEADER = "ExpenseManager/ExpenseManager-Prefix.pch";
				INFOPLIST_FILE = "ExpenseManager/ExpenseManager-Info.plist";
				PRODUCT_NAME = "$(TARGET_NAME)";
				WRAPPER_EXTENSION = app;
			};
			name = Debug;
		};
		F501AF06165224E300E23F2F /* Release */ = {
			isa = XCBuildConfiguration;
			buildSettings = {
				GCC_PRECOMPILE_PREFIX_HEADER = YES;
				GCC_PREFIX_HEADER = "ExpenseManager/ExpenseManager-Prefix.pch";
				INFOPLIST_FILE = "ExpenseManager/ExpenseManager-Info.plist";
				PRODUCT_NAME = "$(TARGET_NAME)";
				WRAPPER_EXTENSION = app;
			};
			name = Release;
		};
/* End XCBuildConfiguration section */

/* Begin XCConfigurationList section */
		F501AEDA165224E300E23F2F /* Build configuration list for PBXProject "ExpenseManager" */ = {
			isa = XCConfigurationList;
			buildConfigurations = (
				F501AF02165224E300E23F2F /* Debug */,
				F501AF03165224E300E23F2F /* Release */,
			);
			defaultConfigurationIsVisible = 0;
			defaultConfigurationName = Release;
		};
		F501AF04165224E300E23F2F /* Build configuration list for PBXNativeTarget "ExpenseManager" */ = {
			isa = XCConfigurationList;
			buildConfigurations = (
				F501AF05165224E300E23F2F /* Debug */,
				F501AF06165224E300E23F2F /* Release */,
			);
			defaultConfigurationIsVisible = 0;
		};
/* End XCConfigurationList section */
	};
	rootObject = F501AED7165224E300E23F2F /* Project object */;
}
